
Microsoft Visual Studio Solution File, Format Version 12.00
# Visual Studio 15
VisualStudioVersion = 15.0.28307.902
MinimumVisualStudioVersion = 10.0.40219.1
Project("{E24C65DC-7377-472B-9ABA-BC803B73C61A}") = "3", "http://localhost:54174", "{7C1ABA17-D76E-4D09-A45B-5E31147CDA6D}"
	ProjectSection(WebsiteProperties) = preProject
		UseIISExpress = "true"
		TargetFrameworkMoniker = ".NETFramework,Version%3Dv4.0"
		Debug.AspNetCompiler.VirtualPath = "/localhost_54174"
		Debug.AspNetCompiler.PhysicalPath = "..\..\..\..\Users\kirpi\OneDrive\Документы\My Web Sites\3\"
		Debug.AspNetCompiler.TargetPath = "PrecompiledWeb\localhost_54174\"
		Debug.AspNetCompiler.Updateable = "true"
		Debug.AspNetCompiler.ForceOverwrite = "true"
		Debug.AspNetCompiler.FixedNames = "false"
		Debug.AspNetCompiler.Debug = "True"
		Release.AspNetCompiler.VirtualPath = "/localhost_54174"
		Release.AspNetCompiler.PhysicalPath = "..\..\..\..\Users\kirpi\OneDrive\Документы\My Web Sites\3\"
		Release.AspNetCompiler.TargetPath = "PrecompiledWeb\localhost_54174\"
		Release.AspNetCompiler.Updateable = "true"
		Release.AspNetCompiler.ForceOverwrite = "true"
		Release.AspNetCompiler.FixedNames = "false"
		Release.AspNetCompiler.Debug = "False"
		SlnRelativePath = "..\..\..\..\Users\kirpi\OneDrive\Документы\My Web Sites\3\"
	EndProjectSection
EndProject
Global
	GlobalSection(SolutionConfigurationPlatforms) = preSolution
		Debug|Any CPU = Debug|Any CPU
	EndGlobalSection
	GlobalSection(ProjectConfigurationPlatforms) = postSolution
		{7C1ABA17-D76E-4D09-A45B-5E31147CDA6D}.Debug|Any CPU.ActiveCfg = Debug|Any CPU
		{7C1ABA17-D76E-4D09-A45B-5E31147CDA6D}.Debug|Any CPU.Build.0 = Debug|Any CPU
	EndGlobalSection
	GlobalSection(SolutionProperties) = preSolution
		HideSolutionNode = FALSE
	EndGlobalSection
	GlobalSection(ExtensibilityGlobals) = postSolution
		SolutionGuid = {44EE92C2-8B61-4B25-8570-A051539A822F}
	EndGlobalSection
EndGlobal
